
Microsoft Visual Studio Solution File, Format Version 12.00
# Visual Studio Version 17
VisualStudioVersion = 17.0.31903.59
MinimumVisualStudioVersion = 10.0.40219.1
Project("{2150E333-8FDC-42A3-9474-1A3956D46DE8}") = "Shared", "Shared", "{4F52FD11-658E-A102-6CD3-7D7C16FFA15B}"
EndProject
Project("{2150E333-8FDC-42A3-9474-1A3956D46DE8}") = "Domain", "Domain", "{B78A39BB-EFA7-05CB-3820-193A492A810C}"
EndProject
Project("{FAE04EC0-301F-11D3-BF4B-00C04F79EFBC}") = "ColdWarHistory.BuildingBlocks.Domain", "src\Shared\ColdWarHistory.BuildingBlocks.Domain\ColdWarHistory.BuildingBlocks.Domain.csproj", "{9E67EAE2-1AED-4AC7-954C-E1EFC7A22D6C}"
EndProject
Project("{2150E333-8FDC-42A3-9474-1A3956D46DE8}") = "Application", "Application", "{2D035A4D-AF61-D649-F5F7-A54561A3CFF4}"
EndProject
Project("{FAE04EC0-301F-11D3-BF4B-00C04F79EFBC}") = "ColdWarHistory.BuildingBlocks.Application", "src\Shared\ColdWarHistory.BuildingBlocks.Application\ColdWarHistory.BuildingBlocks.Application.csproj", "{3458882B-A02C-4302-B491-5FB3FB7FF9DA}"
EndProject
Project("{2150E333-8FDC-42A3-9474-1A3956D46DE8}") = "Infrastructure", "Infrastructure", "{80116189-D5F9-D6EC-C98D-5F7DB2F1B3A1}"
EndProject
Project("{FAE04EC0-301F-11D3-BF4B-00C04F79EFBC}") = "ColdWarHistory.BuildingBlocks.Infrastructure", "src\Shared\ColdWarHistory.BuildingBlocks.Infrastructure\ColdWarHistory.BuildingBlocks.Infrastructure.csproj", "{FF6F3A50-8BE8-4F59-B7F6-99D0014DF99A}"
EndProject
Project("{2150E333-8FDC-42A3-9474-1A3956D46DE8}") = "Contracts", "Contracts", "{85E3A286-880E-ADB0-5CF2-3F1BDB3A4229}"
EndProject
Project("{FAE04EC0-301F-11D3-BF4B-00C04F79EFBC}") = "ColdWarHistory.BuildingBlocks.Contracts", "src\Shared\ColdWarHistory.BuildingBlocks.Contracts\ColdWarHistory.BuildingBlocks.Contracts.csproj", "{15F8D5F7-B13F-4EE7-88F9-52D02967D727}"
EndProject
Project("{2150E333-8FDC-42A3-9474-1A3956D46DE8}") = "Api", "Api", "{28A15759-10C5-5B33-8798-12DCFB84340D}"
EndProject
Project("{FAE04EC0-301F-11D3-BF4B-00C04F79EFBC}") = "ColdWarHistory.BuildingBlocks.Api", "src\Shared\ColdWarHistory.BuildingBlocks.Api\ColdWarHistory.BuildingBlocks.Api.csproj", "{01EA7784-150D-4112-BA3D-BDE4FEB173BB}"
EndProject
Project("{2150E333-8FDC-42A3-9474-1A3956D46DE8}") = "Gateway", "Gateway", "{E7BDDBC6-9FD1-D1D7-ACD8-2C4F8E3D2461}"
EndProject
Project("{2150E333-8FDC-42A3-9474-1A3956D46DE8}") = "Api", "Api", "{92D5732C-EFEA-5B07-76A6-6E27818F8CBC}"
EndProject
Project("{FAE04EC0-301F-11D3-BF4B-00C04F79EFBC}") = "ColdWarHistory.Gateway.Api", "src\Services\Gateway\ColdWarHistory.Gateway.Api\ColdWarHistory.Gateway.Api.csproj", "{30899F4A-1AE7-4872-B453-8B7BDB5A2995}"
EndProject
Project("{2150E333-8FDC-42A3-9474-1A3956D46DE8}") = "Auth", "Auth", "{183AEB3A-A086-1D8D-C95E-6378F77647C3}"
EndProject
Project("{2150E333-8FDC-42A3-9474-1A3956D46DE8}") = "Domain", "Domain", "{7A19ACA1-0518-E3DC-F91B-E8A16E5F4817}"
EndProject
Project("{FAE04EC0-301F-11D3-BF4B-00C04F79EFBC}") = "ColdWarHistory.Auth.Domain", "src\Services\Auth\ColdWarHistory.Auth.Domain\ColdWarHistory.Auth.Domain.csproj", "{EB8CBC12-58DF-45B7-97E0-EA0EFB60D3F3}"
EndProject
Project("{2150E333-8FDC-42A3-9474-1A3956D46DE8}") = "Application", "Application", "{2E5B9149-7ADC-C049-2DA5-2CF2BEAFB2DE}"
EndProject
Project("{FAE04EC0-301F-11D3-BF4B-00C04F79EFBC}") = "ColdWarHistory.Auth.Application", "src\Services\Auth\ColdWarHistory.Auth.Application\ColdWarHistory.Auth.Application.csproj", "{EEEE968F-C823-42F2-8080-52B6C3965782}"
EndProject
Project("{2150E333-8FDC-42A3-9474-1A3956D46DE8}") = "Infrastructure", "Infrastructure", "{443C1E6B-8E48-607E-8AE2-BB46DB6AC000}"
EndProject
Project("{FAE04EC0-301F-11D3-BF4B-00C04F79EFBC}") = "ColdWarHistory.Auth.Infrastructure", "src\Services\Auth\ColdWarHistory.Auth.Infrastructure\ColdWarHistory.Auth.Infrastructure.csproj", "{14960BC6-2FE6-4E6A-BC68-686B5B741C79}"
EndProject
Project("{2150E333-8FDC-42A3-9474-1A3956D46DE8}") = "Api", "Api", "{9C61D8A5-B623-5067-2AAC-142EBDC6DD73}"
EndProject
Project("{FAE04EC0-301F-11D3-BF4B-00C04F79EFBC}") = "ColdWarHistory.Auth.Api", "src\Services\Auth\ColdWarHistory.Auth.Api\ColdWarHistory.Auth.Api.csproj", "{C2886AC5-A43F-4B80-A9ED-E1D250DE2068}"
EndProject
Project("{2150E333-8FDC-42A3-9474-1A3956D46DE8}") = "Crypto", "Crypto", "{0A94FD27-2B9E-3A90-3691-A1678CBB98FA}"
EndProject
Project("{2150E333-8FDC-42A3-9474-1A3956D46DE8}") = "Domain", "Domain", "{061D12CC-E430-3DFE-DFAA-44EC5B8BFA10}"
EndProject
Project("{FAE04EC0-301F-11D3-BF4B-00C04F79EFBC}") = "ColdWarHistory.Crypto.Domain", "src\Services\Crypto\ColdWarHistory.Crypto.Domain\ColdWarHistory.Crypto.Domain.csproj", "{BC658F09-067C-4094-9F10-EA705AD018C7}"
EndProject
Project("{2150E333-8FDC-42A3-9474-1A3956D46DE8}") = "Application", "Application", "{5CC462A1-ADD0-2D69-5228-8B56E8E27E5D}"
EndProject
Project("{FAE04EC0-301F-11D3-BF4B-00C04F79EFBC}") = "ColdWarHistory.Crypto.Application", "src\Services\Crypto\ColdWarHistory.Crypto.Application\ColdWarHistory.Crypto.Application.csproj", "{57E9376F-50DC-4984-AD19-FCE70299CCF1}"
EndProject
Project("{2150E333-8FDC-42A3-9474-1A3956D46DE8}") = "Infrastructure", "Infrastructure", "{F45412E0-1CA7-E9F7-2C48-9B7B079F7E9A}"
EndProject
Project("{FAE04EC0-301F-11D3-BF4B-00C04F79EFBC}") = "ColdWarHistory.Crypto.Infrastructure", "src\Services\Crypto\ColdWarHistory.Crypto.Infrastructure\ColdWarHistory.Crypto.Infrastructure.csproj", "{270BFF94-998A-483E-A8C1-6079768EDF49}"
EndProject
Project("{2150E333-8FDC-42A3-9474-1A3956D46DE8}") = "Api", "Api", "{69973B44-A0F7-AA77-FAB3-C2B169597811}"
EndProject
Project("{FAE04EC0-301F-11D3-BF4B-00C04F79EFBC}") = "ColdWarHistory.Crypto.Api", "src\Services\Crypto\ColdWarHistory.Crypto.Api\ColdWarHistory.Crypto.Api.csproj", "{B968EB91-8134-4468-BDE7-1F07900D727F}"
EndProject
Project("{2150E333-8FDC-42A3-9474-1A3956D46DE8}") = "Content", "Content", "{B489D86D-A092-F0FF-8364-791CEC263EE7}"
EndProject
Project("{2150E333-8FDC-42A3-9474-1A3956D46DE8}") = "Domain", "Domain", "{98C3796A-EBA8-13D0-7FAA-CD389F4D131B}"
EndProject
Project("{FAE04EC0-301F-11D3-BF4B-00C04F79EFBC}") = "ColdWarHistory.Content.Domain", "src\Services\Content\ColdWarHistory.Content.Domain\ColdWarHistory.Content.Domain.csproj", "{3B3595E8-E367-404B-9BEF-71725DA79C76}"
EndProject
Project("{2150E333-8FDC-42A3-9474-1A3956D46DE8}") = "Application", "Application", "{E03120C8-66D4-6427-CAAF-D33A816090BE}"
EndProject
Project("{FAE04EC0-301F-11D3-BF4B-00C04F79EFBC}") = "ColdWarHistory.Content.Application", "src\Services\Content\ColdWarHistory.Content.Application\ColdWarHistory.Content.Application.csproj", "{C04F334F-8141-40EE-BDCD-1C46FFABB562}"
EndProject
Project("{2150E333-8FDC-42A3-9474-1A3956D46DE8}") = "Infrastructure", "Infrastructure", "{C4DF2314-EAB2-E18C-5D38-7E0F3AC5AC41}"
EndProject
Project("{FAE04EC0-301F-11D3-BF4B-00C04F79EFBC}") = "ColdWarHistory.Content.Infrastructure", "src\Services\Content\ColdWarHistory.Content.Infrastructure\ColdWarHistory.Content.Infrastructure.csproj", "{B2926675-EA5E-4322-B719-29D010FEE117}"
EndProject
Project("{2150E333-8FDC-42A3-9474-1A3956D46DE8}") = "Api", "Api", "{98A938D8-F300-C3F7-3C39-2FDC64367DC9}"
EndProject
Project("{FAE04EC0-301F-11D3-BF4B-00C04F79EFBC}") = "ColdWarHistory.Content.Api", "src\Services\Content\ColdWarHistory.Content.Api\ColdWarHistory.Content.Api.csproj", "{5076FAC9-9A79-42CE-BC5F-1B2DC6093FC5}"
EndProject
Project("{2150E333-8FDC-42A3-9474-1A3956D46DE8}") = "Game", "Game", "{AE49D761-A782-2099-29A5-159B937B43CB}"
EndProject
Project("{2150E333-8FDC-42A3-9474-1A3956D46DE8}") = "Domain", "Domain", "{E76D1F88-07B2-0F41-4AA8-B5FB9A2FEBD7}"
EndProject
Project("{FAE04EC0-301F-11D3-BF4B-00C04F79EFBC}") = "ColdWarHistory.Game.Domain", "src\Services\Game\ColdWarHistory.Game.Domain\ColdWarHistory.Game.Domain.csproj", "{8B088C76-081C-4FA9-A7BE-AFC1F9C875DE}"
EndProject
Project("{2150E333-8FDC-42A3-9474-1A3956D46DE8}") = "Application", "Application", "{6990FD72-DFC0-C81F-DF70-93CAC07278BC}"
EndProject
Project("{FAE04EC0-301F-11D3-BF4B-00C04F79EFBC}") = "ColdWarHistory.Game.Application", "src\Services\Game\ColdWarHistory.Game.Application\ColdWarHistory.Game.Application.csproj", "{0B2D76A8-DE72-428D-96CF-44B2CCBC6FC4}"
EndProject
Project("{2150E333-8FDC-42A3-9474-1A3956D46DE8}") = "Infrastructure", "Infrastructure", "{671A440B-47E1-2474-AE8F-C8F2E35F3D24}"
EndProject
Project("{FAE04EC0-301F-11D3-BF4B-00C04F79EFBC}") = "ColdWarHistory.Game.Infrastructure", "src\Services\Game\ColdWarHistory.Game.Infrastructure\ColdWarHistory.Game.Infrastructure.csproj", "{05FBE050-A62B-4E4A-9607-597DE9B581CF}"
EndProject
Project("{2150E333-8FDC-42A3-9474-1A3956D46DE8}") = "Api", "Api", "{FFCB7D59-4804-CDEB-DE65-9FC0BAB11564}"
EndProject
Project("{FAE04EC0-301F-11D3-BF4B-00C04F79EFBC}") = "ColdWarHistory.Game.Api", "src\Services\Game\ColdWarHistory.Game.Api\ColdWarHistory.Game.Api.csproj", "{60B4677E-6D21-4AB2-8042-53CB6D27EEDD}"
EndProject
Project("{2150E333-8FDC-42A3-9474-1A3956D46DE8}") = "Progress", "Progress", "{1824264A-8FB2-30EA-D428-4472C07B00EC}"
EndProject
Project("{2150E333-8FDC-42A3-9474-1A3956D46DE8}") = "Domain", "Domain", "{6D86B926-C23D-765F-FDD2-9A4B2B7300C3}"
EndProject
Project("{FAE04EC0-301F-11D3-BF4B-00C04F79EFBC}") = "ColdWarHistory.Progress.Domain", "src\Services\Progress\ColdWarHistory.Progress.Domain\ColdWarHistory.Progress.Domain.csproj", "{526814D4-7746-4389-860B-C3371FD2124B}"
EndProject
Project("{2150E333-8FDC-42A3-9474-1A3956D46DE8}") = "Application", "Application", "{9DCD98D8-8C08-0F62-0E66-7F705F7D76EE}"
EndProject
Project("{FAE04EC0-301F-11D3-BF4B-00C04F79EFBC}") = "ColdWarHistory.Progress.Application", "src\Services\Progress\ColdWarHistory.Progress.Application\ColdWarHistory.Progress.Application.csproj", "{C1E1FF2B-AA81-4CCA-8C75-AA34966F0673}"
EndProject
Project("{2150E333-8FDC-42A3-9474-1A3956D46DE8}") = "Infrastructure", "Infrastructure", "{05669961-A6B2-3B45-E8E9-A363C86FE1FC}"
EndProject
Project("{FAE04EC0-301F-11D3-BF4B-00C04F79EFBC}") = "ColdWarHistory.Progress.Infrastructure", "src\Services\Progress\ColdWarHistory.Progress.Infrastructure\ColdWarHistory.Progress.Infrastructure.csproj", "{B3DA22C9-4FC0-479F-B986-8CE4D3856EC2}"
EndProject
Project("{2150E333-8FDC-42A3-9474-1A3956D46DE8}") = "Api", "Api", "{85D176A5-D5B4-BE3B-5451-DB8BF31244F8}"
EndProject
Project("{FAE04EC0-301F-11D3-BF4B-00C04F79EFBC}") = "ColdWarHistory.Progress.Api", "src\Services\Progress\ColdWarHistory.Progress.Api\ColdWarHistory.Progress.Api.csproj", "{34C6CC3A-E481-4077-843B-43859D5314A1}"
EndProject
Project("{2150E333-8FDC-42A3-9474-1A3956D46DE8}") = "Tests", "Tests", "{0AB3BF05-4346-4AA6-1389-037BE0695223}"
EndProject
Project("{2150E333-8FDC-42A3-9474-1A3956D46DE8}") = "Integration", "Integration", "{28A6993C-471E-82FE-7D9E-AD3B1EC22BD9}"
EndProject
Project("{FAE04EC0-301F-11D3-BF4B-00C04F79EFBC}") = "ColdWarHistory.Gateway.IntegrationHarness", "tests\ColdWarHistory.Gateway.IntegrationHarness\ColdWarHistory.Gateway.IntegrationHarness.csproj", "{468CE6C8-71E6-459E-A207-3D92C412685A}"
EndProject
Project("{2150E333-8FDC-42A3-9474-1A3956D46DE8}") = "Contracts", "Contracts", "{EDF2BF46-81E2-A5E6-BE76-B883454BFB8E}"
EndProject
Project("{FAE04EC0-301F-11D3-BF4B-00C04F79EFBC}") = "ColdWarHistory.Contracts.Harness", "tests\ColdWarHistory.Contracts.Harness\ColdWarHistory.Contracts.Harness.csproj", "{36D6548B-2E3A-4F54-829E-3914E4E592BC}"
EndProject
Project("{2150E333-8FDC-42A3-9474-1A3956D46DE8}") = "src", "src", "{827E0CD3-B72D-47B6-A68D-7590B98EB39B}"
EndProject
Project("{2150E333-8FDC-42A3-9474-1A3956D46DE8}") = "Tools", "Tools", "{DCB6FCB8-FF92-AC57-0842-1F72A354D6B1}"
EndProject
Project("{FAE04EC0-301F-11D3-BF4B-00C04F79EFBC}") = "ColdWarHistory.DatabaseMigrator", "src\Tools\ColdWarHistory.DatabaseMigrator\ColdWarHistory.DatabaseMigrator.csproj", "{929BD1DD-53DC-4414-ACF1-61A777708B69}"
EndProject
Global
	GlobalSection(SolutionConfigurationPlatforms) = preSolution
		Debug|Any CPU = Debug|Any CPU
		Debug|x64 = Debug|x64
		Debug|x86 = Debug|x86
		Release|Any CPU = Release|Any CPU
		Release|x64 = Release|x64
		Release|x86 = Release|x86
	EndGlobalSection
	GlobalSection(ProjectConfigurationPlatforms) = postSolution
		{9E67EAE2-1AED-4AC7-954C-E1EFC7A22D6C}.Debug|Any CPU.ActiveCfg = Debug|Any CPU
		{9E67EAE2-1AED-4AC7-954C-E1EFC7A22D6C}.Debug|Any CPU.Build.0 = Debug|Any CPU
		{9E67EAE2-1AED-4AC7-954C-E1EFC7A22D6C}.Debug|x64.ActiveCfg = Debug|Any CPU
		{9E67EAE2-1AED-4AC7-954C-E1EFC7A22D6C}.Debug|x64.Build.0 = Debug|Any CPU
		{9E67EAE2-1AED-4AC7-954C-E1EFC7A22D6C}.Debug|x86.ActiveCfg = Debug|Any CPU
		{9E67EAE2-1AED-4AC7-954C-E1EFC7A22D6C}.Debug|x86.Build.0 = Debug|Any CPU
		{9E67EAE2-1AED-4AC7-954C-E1EFC7A22D6C}.Release|Any CPU.ActiveCfg = Release|Any CPU
		{9E67EAE2-1AED-4AC7-954C-E1EFC7A22D6C}.Release|Any CPU.Build.0 = Release|Any CPU
		{9E67EAE2-1AED-4AC7-954C-E1EFC7A22D6C}.Release|x64.ActiveCfg = Release|Any CPU
		{9E67EAE2-1AED-4AC7-954C-E1EFC7A22D6C}.Release|x64.Build.0 = Release|Any CPU
		{9E67EAE2-1AED-4AC7-954C-E1EFC7A22D6C}.Release|x86.ActiveCfg = Release|Any CPU
		{9E67EAE2-1AED-4AC7-954C-E1EFC7A22D6C}.Release|x86.Build.0 = Release|Any CPU
		{3458882B-A02C-4302-B491-5FB3FB7FF9DA}.Debug|Any CPU.ActiveCfg = Debug|Any CPU
		{3458882B-A02C-4302-B491-5FB3FB7FF9DA}.Debug|Any CPU.Build.0 = Debug|Any CPU
		{3458882B-A02C-4302-B491-5FB3FB7FF9DA}.Debug|x64.ActiveCfg = Debug|Any CPU
		{3458882B-A02C-4302-B491-5FB3FB7FF9DA}.Debug|x64.Build.0 = Debug|Any CPU
		{3458882B-A02C-4302-B491-5FB3FB7FF9DA}.Debug|x86.ActiveCfg = Debug|Any CPU
		{3458882B-A02C-4302-B491-5FB3FB7FF9DA}.Debug|x86.Build.0 = Debug|Any CPU
		{3458882B-A02C-4302-B491-5FB3FB7FF9DA}.Release|Any CPU.ActiveCfg = Release|Any CPU
		{3458882B-A02C-4302-B491-5FB3FB7FF9DA}.Release|Any CPU.Build.0 = Release|Any CPU
		{3458882B-A02C-4302-B491-5FB3FB7FF9DA}.Release|x64.ActiveCfg = Release|Any CPU
		{3458882B-A02C-4302-B491-5FB3FB7FF9DA}.Release|x64.Build.0 = Release|Any CPU
		{3458882B-A02C-4302-B491-5FB3FB7FF9DA}.Release|x86.ActiveCfg = Release|Any CPU
		{3458882B-A02C-4302-B491-5FB3FB7FF9DA}.Release|x86.Build.0 = Release|Any CPU
		{FF6F3A50-8BE8-4F59-B7F6-99D0014DF99A}.Debug|Any CPU.ActiveCfg = Debug|Any CPU
		{FF6F3A50-8BE8-4F59-B7F6-99D0014DF99A}.Debug|Any CPU.Build.0 = Debug|Any CPU
		{FF6F3A50-8BE8-4F59-B7F6-99D0014DF99A}.Debug|x64.ActiveCfg = Debug|Any CPU
		{FF6F3A50-8BE8-4F59-B7F6-99D0014DF99A}.Debug|x64.Build.0 = Debug|Any CPU
		{FF6F3A50-8BE8-4F59-B7F6-99D0014DF99A}.Debug|x86.ActiveCfg = Debug|Any CPU
		{FF6F3A50-8BE8-4F59-B7F6-99D0014DF99A}.Debug|x86.Build.0 = Debug|Any CPU
		{FF6F3A50-8BE8-4F59-B7F6-99D0014DF99A}.Release|Any CPU.ActiveCfg = Release|Any CPU
		{FF6F3A50-8BE8-4F59-B7F6-99D0014DF99A}.Release|Any CPU.Build.0 = Release|Any CPU
		{FF6F3A50-8BE8-4F59-B7F6-99D0014DF99A}.Release|x64.ActiveCfg = Release|Any CPU
		{FF6F3A50-8BE8-4F59-B7F6-99D0014DF99A}.Release|x64.Build.0 = Release|Any CPU
		{FF6F3A50-8BE8-4F59-B7F6-99D0014DF99A}.Release|x86.ActiveCfg = Release|Any CPU
		{FF6F3A50-8BE8-4F59-B7F6-99D0014DF99A}.Release|x86.Build.0 = Release|Any CPU
		{15F8D5F7-B13F-4EE7-88F9-52D02967D727}.Debug|Any CPU.ActiveCfg = Debug|Any CPU
		{15F8D5F7-B13F-4EE7-88F9-52D02967D727}.Debug|Any CPU.Build.0 = Debug|Any CPU
		{15F8D5F7-B13F-4EE7-88F9-52D02967D727}.Debug|x64.ActiveCfg = Debug|Any CPU
		{15F8D5F7-B13F-4EE7-88F9-52D02967D727}.Debug|x64.Build.0 = Debug|Any CPU
		{15F8D5F7-B13F-4EE7-88F9-52D02967D727}.Debug|x86.ActiveCfg = Debug|Any CPU
		{15F8D5F7-B13F-4EE7-88F9-52D02967D727}.Debug|x86.Build.0 = Debug|Any CPU
		{15F8D5F7-B13F-4EE7-88F9-52D02967D727}.Release|Any CPU.ActiveCfg = Release|Any CPU
		{15F8D5F7-B13F-4EE7-88F9-52D02967D727}.Release|Any CPU.Build.0 = Release|Any CPU
		{15F8D5F7-B13F-4EE7-88F9-52D02967D727}.Release|x64.ActiveCfg = Release|Any CPU
		{15F8D5F7-B13F-4EE7-88F9-52D02967D727}.Release|x64.Build.0 = Release|Any CPU
		{15F8D5F7-B13F-4EE7-88F9-52D02967D727}.Release|x86.ActiveCfg = Release|Any CPU
		{15F8D5F7-B13F-4EE7-88F9-52D02967D727}.Release|x86.Build.0 = Release|Any CPU
		{01EA7784-150D-4112-BA3D-BDE4FEB173BB}.Debug|Any CPU.ActiveCfg = Debug|Any CPU
		{01EA7784-150D-4112-BA3D-BDE4FEB173BB}.Debug|Any CPU.Build.0 = Debug|Any CPU
		{01EA7784-150D-4112-BA3D-BDE4FEB173BB}.Debug|x64.ActiveCfg = Debug|Any CPU
		{01EA7784-150D-4112-BA3D-BDE4FEB173BB}.Debug|x64.Build.0 = Debug|Any CPU
		{01EA7784-150D-4112-BA3D-BDE4FEB173BB}.Debug|x86.ActiveCfg = Debug|Any CPU
		{01EA7784-150D-4112-BA3D-BDE4FEB173BB}.Debug|x86.Build.0 = Debug|Any CPU
		{01EA7784-150D-4112-BA3D-BDE4FEB173BB}.Release|Any CPU.ActiveCfg = Release|Any CPU
		{01EA7784-150D-4112-BA3D-BDE4FEB173BB}.Release|Any CPU.Build.0 = Release|Any CPU
		{01EA7784-150D-4112-BA3D-BDE4FEB173BB}.Release|x64.ActiveCfg = Release|Any CPU
		{01EA7784-150D-4112-BA3D-BDE4FEB173BB}.Release|x64.Build.0 = Release|Any CPU
		{01EA7784-150D-4112-BA3D-BDE4FEB173BB}.Release|x86.ActiveCfg = Release|Any CPU
		{01EA7784-150D-4112-BA3D-BDE4FEB173BB}.Release|x86.Build.0 = Release|Any CPU
		{30899F4A-1AE7-4872-B453-8B7BDB5A2995}.Debug|Any CPU.ActiveCfg = Debug|Any CPU
		{30899F4A-1AE7-4872-B453-8B7BDB5A2995}.Debug|Any CPU.Build.0 = Debug|Any CPU
		{30899F4A-1AE7-4872-B453-8B7BDB5A2995}.Debug|x64.ActiveCfg = Debug|Any CPU
		{30899F4A-1AE7-4872-B453-8B7BDB5A2995}.Debug|x64.Build.0 = Debug|Any CPU
		{30899F4A-1AE7-4872-B453-8B7BDB5A2995}.Debug|x86.ActiveCfg = Debug|Any CPU
		{30899F4A-1AE7-4872-B453-8B7BDB5A2995}.Debug|x86.Build.0 = Debug|Any CPU
		{30899F4A-1AE7-4872-B453-8B7BDB5A2995}.Release|Any CPU.ActiveCfg = Release|Any CPU
		{30899F4A-1AE7-4872-B453-8B7BDB5A2995}.Release|Any CPU.Build.0 = Release|Any CPU
		{30899F4A-1AE7-4872-B453-8B7BDB5A2995}.Release|x64.ActiveCfg = Release|Any CPU
		{30899F4A-1AE7-4872-B453-8B7BDB5A2995}.Release|x64.Build.0 = Release|Any CPU
		{30899F4A-1AE7-4872-B453-8B7BDB5A2995}.Release|x86.ActiveCfg = Release|Any CPU
		{30899F4A-1AE7-4872-B453-8B7BDB5A2995}.Release|x86.Build.0 = Release|Any CPU
		{EB8CBC12-58DF-45B7-97E0-EA0EFB60D3F3}.Debug|Any CPU.ActiveCfg = Debug|Any CPU
		{EB8CBC12-58DF-45B7-97E0-EA0EFB60D3F3}.Debug|Any CPU.Build.0 = Debug|Any CPU
		{EB8CBC12-58DF-45B7-97E0-EA0EFB60D3F3}.Debug|x64.ActiveCfg = Debug|Any CPU
		{EB8CBC12-58DF-45B7-97E0-EA0EFB60D3F3}.Debug|x64.Build.0 = Debug|Any CPU
		{EB8CBC12-58DF-45B7-97E0-EA0EFB60D3F3}.Debug|x86.ActiveCfg = Debug|Any CPU
		{EB8CBC12-58DF-45B7-97E0-EA0EFB60D3F3}.Debug|x86.Build.0 = Debug|Any CPU
		{EB8CBC12-58DF-45B7-97E0-EA0EFB60D3F3}.Release|Any CPU.ActiveCfg = Release|Any CPU
		{EB8CBC12-58DF-45B7-97E0-EA0EFB60D3F3}.Release|Any CPU.Build.0 = Release|Any CPU
		{EB8CBC12-58DF-45B7-97E0-EA0EFB60D3F3}.Release|x64.ActiveCfg = Release|Any CPU
		{EB8CBC12-58DF-45B7-97E0-EA0EFB60D3F3}.Release|x64.Build.0 = Release|Any CPU
		{EB8CBC12-58DF-45B7-97E0-EA0EFB60D3F3}.Release|x86.ActiveCfg = Release|Any CPU
		{EB8CBC12-58DF-45B7-97E0-EA0EFB60D3F3}.Release|x86.Build.0 = Release|Any CPU
		{EEEE968F-C823-42F2-8080-52B6C3965782}.Debug|Any CPU.ActiveCfg = Debug|Any CPU
		{EEEE968F-C823-42F2-8080-52B6C3965782}.Debug|Any CPU.Build.0 = Debug|Any CPU
		{EEEE968F-C823-42F2-8080-52B6C3965782}.Debug|x64.ActiveCfg = Debug|Any CPU
		{EEEE968F-C823-42F2-8080-52B6C3965782}.Debug|x64.Build.0 = Debug|Any CPU
		{EEEE968F-C823-42F2-8080-52B6C3965782}.Debug|x86.ActiveCfg = Debug|Any CPU
		{EEEE968F-C823-42F2-8080-52B6C3965782}.Debug|x86.Build.0 = Debug|Any CPU
		{EEEE968F-C823-42F2-8080-52B6C3965782}.Release|Any CPU.ActiveCfg = Release|Any CPU
		{EEEE968F-C823-42F2-8080-52B6C3965782}.Release|Any CPU.Build.0 = Release|Any CPU
		{EEEE968F-C823-42F2-8080-52B6C3965782}.Release|x64.ActiveCfg = Release|Any CPU
		{EEEE968F-C823-42F2-8080-52B6C3965782}.Release|x64.Build.0 = Release|Any CPU
		{EEEE968F-C823-42F2-8080-52B6C3965782}.Release|x86.ActiveCfg = Release|Any CPU
		{EEEE968F-C823-42F2-8080-52B6C3965782}.Release|x86.Build.0 = Release|Any CPU
		{14960BC6-2FE6-4E6A-BC68-686B5B741C79}.Debug|Any CPU.ActiveCfg = Debug|Any CPU
		{14960BC6-2FE6-4E6A-BC68-686B5B741C79}.Debug|Any CPU.Build.0 = Debug|Any CPU
		{14960BC6-2FE6-4E6A-BC68-686B5B741C79}.Debug|x64.ActiveCfg = Debug|Any CPU
		{14960BC6-2FE6-4E6A-BC68-686B5B741C79}.Debug|x64.Build.0 = Debug|Any CPU
		{14960BC6-2FE6-4E6A-BC68-686B5B741C79}.Debug|x86.ActiveCfg = Debug|Any CPU
		{14960BC6-2FE6-4E6A-BC68-686B5B741C79}.Debug|x86.Build.0 = Debug|Any CPU
		{14960BC6-2FE6-4E6A-BC68-686B5B741C79}.Release|Any CPU.ActiveCfg = Release|Any CPU
		{14960BC6-2FE6-4E6A-BC68-686B5B741C79}.Release|Any CPU.Build.0 = Release|Any CPU
		{14960BC6-2FE6-4E6A-BC68-686B5B741C79}.Release|x64.ActiveCfg = Release|Any CPU
		{14960BC6-2FE6-4E6A-BC68-686B5B741C79}.Release|x64.Build.0 = Release|Any CPU
		{14960BC6-2FE6-4E6A-BC68-686B5B741C79}.Release|x86.ActiveCfg = Release|Any CPU
		{14960BC6-2FE6-4E6A-BC68-686B5B741C79}.Release|x86.Build.0 = Release|Any CPU
		{C2886AC5-A43F-4B80-A9ED-E1D250DE2068}.Debug|Any CPU.ActiveCfg = Debug|Any CPU
		{C2886AC5-A43F-4B80-A9ED-E1D250DE2068}.Debug|Any CPU.Build.0 = Debug|Any CPU
		{C2886AC5-A43F-4B80-A9ED-E1D250DE2068}.Debug|x64.ActiveCfg = Debug|Any CPU
		{C2886AC5-A43F-4B80-A9ED-E1D250DE2068}.Debug|x64.Build.0 = Debug|Any CPU
		{C2886AC5-A43F-4B80-A9ED-E1D250DE2068}.Debug|x86.ActiveCfg = Debug|Any CPU
		{C2886AC5-A43F-4B80-A9ED-E1D250DE2068}.Debug|x86.Build.0 = Debug|Any CPU
		{C2886AC5-A43F-4B80-A9ED-E1D250DE2068}.Release|Any CPU.ActiveCfg = Release|Any CPU
		{C2886AC5-A43F-4B80-A9ED-E1D250DE2068}.Release|Any CPU.Build.0 = Release|Any CPU
		{C2886AC5-A43F-4B80-A9ED-E1D250DE2068}.Release|x64.ActiveCfg = Release|Any CPU
		{C2886AC5-A43F-4B80-A9ED-E1D250DE2068}.Release|x64.Build.0 = Release|Any CPU
		{C2886AC5-A43F-4B80-A9ED-E1D250DE2068}.Release|x86.ActiveCfg = Release|Any CPU
		{C2886AC5-A43F-4B80-A9ED-E1D250DE2068}.Release|x86.Build.0 = Release|Any CPU
		{BC658F09-067C-4094-9F10-EA705AD018C7}.Debug|Any CPU.ActiveCfg = Debug|Any CPU
		{BC658F09-067C-4094-9F10-EA705AD018C7}.Debug|Any CPU.Build.0 = Debug|Any CPU
		{BC658F09-067C-4094-9F10-EA705AD018C7}.Debug|x64.ActiveCfg = Debug|Any CPU
		{BC658F09-067C-4094-9F10-EA705AD018C7}.Debug|x64.Build.0 = Debug|Any CPU
		{BC658F09-067C-4094-9F10-EA705AD018C7}.Debug|x86.ActiveCfg = Debug|Any CPU
		{BC658F09-067C-4094-9F10-EA705AD018C7}.Debug|x86.Build.0 = Debug|Any CPU
		{BC658F09-067C-4094-9F10-EA705AD018C7}.Release|Any CPU.ActiveCfg = Release|Any CPU
		{BC658F09-067C-4094-9F10-EA705AD018C7}.Release|Any CPU.Build.0 = Release|Any CPU
		{BC658F09-067C-4094-9F10-EA705AD018C7}.Release|x64.ActiveCfg = Release|Any CPU
		{BC658F09-067C-4094-9F10-EA705AD018C7}.Release|x64.Build.0 = Release|Any CPU
		{BC658F09-067C-4094-9F10-EA705AD018C7}.Release|x86.ActiveCfg = Release|Any CPU
		{BC658F09-067C-4094-9F10-EA705AD018C7}.Release|x86.Build.0 = Release|Any CPU
		{57E9376F-50DC-4984-AD19-FCE70299CCF1}.Debug|Any CPU.ActiveCfg = Debug|Any CPU
		{57E9376F-50DC-4984-AD19-FCE70299CCF1}.Debug|Any CPU.Build.0 = Debug|Any CPU
		{57E9376F-50DC-4984-AD19-FCE70299CCF1}.Debug|x64.ActiveCfg = Debug|Any CPU
		{57E9376F-50DC-4984-AD19-FCE70299CCF1}.Debug|x64.Build.0 = Debug|Any CPU
		{57E9376F-50DC-4984-AD19-FCE70299CCF1}.Debug|x86.ActiveCfg = Debug|Any CPU
		{57E9376F-50DC-4984-AD19-FCE70299CCF1}.Debug|x86.Build.0 = Debug|Any CPU
		{57E9376F-50DC-4984-AD19-FCE70299CCF1}.Release|Any CPU.ActiveCfg = Release|Any CPU
		{57E9376F-50DC-4984-AD19-FCE70299CCF1}.Release|Any CPU.Build.0 = Release|Any CPU
		{57E9376F-50DC-4984-AD19-FCE70299CCF1}.Release|x64.ActiveCfg = Release|Any CPU
		{57E9376F-50DC-4984-AD19-FCE70299CCF1}.Release|x64.Build.0 = Release|Any CPU
		{57E9376F-50DC-4984-AD19-FCE70299CCF1}.Release|x86.ActiveCfg = Release|Any CPU
		{57E9376F-50DC-4984-AD19-FCE70299CCF1}.Release|x86.Build.0 = Release|Any CPU
		{270BFF94-998A-483E-A8C1-6079768EDF49}.Debug|Any CPU.ActiveCfg = Debug|Any CPU
		{270BFF94-998A-483E-A8C1-6079768EDF49}.Debug|Any CPU.Build.0 = Debug|Any CPU
		{270BFF94-998A-483E-A8C1-6079768EDF49}.Debug|x64.ActiveCfg = Debug|Any CPU
		{270BFF94-998A-483E-A8C1-6079768EDF49}.Debug|x64.Build.0 = Debug|Any CPU
		{270BFF94-998A-483E-A8C1-6079768EDF49}.Debug|x86.ActiveCfg = Debug|Any CPU
		{270BFF94-998A-483E-A8C1-6079768EDF49}.Debug|x86.Build.0 = Debug|Any CPU
		{270BFF94-998A-483E-A8C1-6079768EDF49}.Release|Any CPU.ActiveCfg = Release|Any CPU
		{270BFF94-998A-483E-A8C1-6079768EDF49}.Release|Any CPU.Build.0 = Release|Any CPU
		{270BFF94-998A-483E-A8C1-6079768EDF49}.Release|x64.ActiveCfg = Release|Any CPU
		{270BFF94-998A-483E-A8C1-6079768EDF49}.Release|x64.Build.0 = Release|Any CPU
		{270BFF94-998A-483E-A8C1-6079768EDF49}.Release|x86.ActiveCfg = Release|Any CPU
		{270BFF94-998A-483E-A8C1-6079768EDF49}.Release|x86.Build.0 = Release|Any CPU
		{B968EB91-8134-4468-BDE7-1F07900D727F}.Debug|Any CPU.ActiveCfg = Debug|Any CPU
		{B968EB91-8134-4468-BDE7-1F07900D727F}.Debug|Any CPU.Build.0 = Debug|Any CPU
		{B968EB91-8134-4468-BDE7-1F07900D727F}.Debug|x64.ActiveCfg = Debug|Any CPU
		{B968EB91-8134-4468-BDE7-1F07900D727F}.Debug|x64.Build.0 = Debug|Any CPU
		{B968EB91-8134-4468-BDE7-1F07900D727F}.Debug|x86.ActiveCfg = Debug|Any CPU
		{B968EB91-8134-4468-BDE7-1F07900D727F}.Debug|x86.Build.0 = Debug|Any CPU
		{B968EB91-8134-4468-BDE7-1F07900D727F}.Release|Any CPU.ActiveCfg = Release|Any CPU
		{B968EB91-8134-4468-BDE7-1F07900D727F}.Release|Any CPU.Build.0 = Release|Any CPU
		{B968EB91-8134-4468-BDE7-1F07900D727F}.Release|x64.ActiveCfg = Release|Any CPU
		{B968EB91-8134-4468-BDE7-1F07900D727F}.Release|x64.Build.0 = Release|Any CPU
		{B968EB91-8134-4468-BDE7-1F07900D727F}.Release|x86.ActiveCfg = Release|Any CPU
		{B968EB91-8134-4468-BDE7-1F07900D727F}.Release|x86.Build.0 = Release|Any CPU
		{3B3595E8-E367-404B-9BEF-71725DA79C76}.Debug|Any CPU.ActiveCfg = Debug|Any CPU
		{3B3595E8-E367-404B-9BEF-71725DA79C76}.Debug|Any CPU.Build.0 = Debug|Any CPU
		{3B3595E8-E367-404B-9BEF-71725DA79C76}.Debug|x64.ActiveCfg = Debug|Any CPU
		{3B3595E8-E367-404B-9BEF-71725DA79C76}.Debug|x64.Build.0 = Debug|Any CPU
		{3B3595E8-E367-404B-9BEF-71725DA79C76}.Debug|x86.ActiveCfg = Debug|Any CPU
		{3B3595E8-E367-404B-9BEF-71725DA79C76}.Debug|x86.Build.0 = Debug|Any CPU
		{3B3595E8-E367-404B-9BEF-71725DA79C76}.Release|Any CPU.ActiveCfg = Release|Any CPU
		{3B3595E8-E367-404B-9BEF-71725DA79C76}.Release|Any CPU.Build.0 = Release|Any CPU
		{3B3595E8-E367-404B-9BEF-71725DA79C76}.Release|x64.ActiveCfg = Release|Any CPU
		{3B3595E8-E367-404B-9BEF-71725DA79C76}.Release|x64.Build.0 = Release|Any CPU
		{3B3595E8-E367-404B-9BEF-71725DA79C76}.Release|x86.ActiveCfg = Release|Any CPU
		{3B3595E8-E367-404B-9BEF-71725DA79C76}.Release|x86.Build.0 = Release|Any CPU
		{C04F334F-8141-40EE-BDCD-1C46FFABB562}.Debug|Any CPU.ActiveCfg = Debug|Any CPU
		{C04F334F-8141-40EE-BDCD-1C46FFABB562}.Debug|Any CPU.Build.0 = Debug|Any CPU
		{C04F334F-8141-40EE-BDCD-1C46FFABB562}.Debug|x64.ActiveCfg = Debug|Any CPU
		{C04F334F-8141-40EE-BDCD-1C46FFABB562}.Debug|x64.Build.0 = Debug|Any CPU
		{C04F334F-8141-40EE-BDCD-1C46FFABB562}.Debug|x86.ActiveCfg = Debug|Any CPU
		{C04F334F-8141-40EE-BDCD-1C46FFABB562}.Debug|x86.Build.0 = Debug|Any CPU
		{C04F334F-8141-40EE-BDCD-1C46FFABB562}.Release|Any CPU.ActiveCfg = Release|Any CPU
		{C04F334F-8141-40EE-BDCD-1C46FFABB562}.Release|Any CPU.Build.0 = Release|Any CPU
		{C04F334F-8141-40EE-BDCD-1C46FFABB562}.Release|x64.ActiveCfg = Release|Any CPU
		{C04F334F-8141-40EE-BDCD-1C46FFABB562}.Release|x64.Build.0 = Release|Any CPU
		{C04F334F-8141-40EE-BDCD-1C46FFABB562}.Release|x86.ActiveCfg = Release|Any CPU
		{C04F334F-8141-40EE-BDCD-1C46FFABB562}.Release|x86.Build.0 = Release|Any CPU
		{B2926675-EA5E-4322-B719-29D010FEE117}.Debug|Any CPU.ActiveCfg = Debug|Any CPU
		{B2926675-EA5E-4322-B719-29D010FEE117}.Debug|Any CPU.Build.0 = Debug|Any CPU
		{B2926675-EA5E-4322-B719-29D010FEE117}.Debug|x64.ActiveCfg = Debug|Any CPU
		{B2926675-EA5E-4322-B719-29D010FEE117}.Debug|x64.Build.0 = Debug|Any CPU
		{B2926675-EA5E-4322-B719-29D010FEE117}.Debug|x86.ActiveCfg = Debug|Any CPU
		{B2926675-EA5E-4322-B719-29D010FEE117}.Debug|x86.Build.0 = Debug|Any CPU
		{B2926675-EA5E-4322-B719-29D010FEE117}.Release|Any CPU.ActiveCfg = Release|Any CPU
		{B2926675-EA5E-4322-B719-29D010FEE117}.Release|Any CPU.Build.0 = Release|Any CPU
		{B2926675-EA5E-4322-B719-29D010FEE117}.Release|x64.ActiveCfg = Release|Any CPU
		{B2926675-EA5E-4322-B719-29D010FEE117}.Release|x64.Build.0 = Release|Any CPU
		{B2926675-EA5E-4322-B719-29D010FEE117}.Release|x86.ActiveCfg = Release|Any CPU
		{B2926675-EA5E-4322-B719-29D010FEE117}.Release|x86.Build.0 = Release|Any CPU
		{5076FAC9-9A79-42CE-BC5F-1B2DC6093FC5}.Debug|Any CPU.ActiveCfg = Debug|Any CPU
		{5076FAC9-9A79-42CE-BC5F-1B2DC6093FC5}.Debug|Any CPU.Build.0 = Debug|Any CPU
		{5076FAC9-9A79-42CE-BC5F-1B2DC6093FC5}.Debug|x64.ActiveCfg = Debug|Any CPU
		{5076FAC9-9A79-42CE-BC5F-1B2DC6093FC5}.Debug|x64.Build.0 = Debug|Any CPU
		{5076FAC9-9A79-42CE-BC5F-1B2DC6093FC5}.Debug|x86.ActiveCfg = Debug|Any CPU
		{5076FAC9-9A79-42CE-BC5F-1B2DC6093FC5}.Debug|x86.Build.0 = Debug|Any CPU
		{5076FAC9-9A79-42CE-BC5F-1B2DC6093FC5}.Release|Any CPU.ActiveCfg = Release|Any CPU
		{5076FAC9-9A79-42CE-BC5F-1B2DC6093FC5}.Release|Any CPU.Build.0 = Release|Any CPU
		{5076FAC9-9A79-42CE-BC5F-1B2DC6093FC5}.Release|x64.ActiveCfg = Release|Any CPU
		{5076FAC9-9A79-42CE-BC5F-1B2DC6093FC5}.Release|x64.Build.0 = Release|Any CPU
		{5076FAC9-9A79-42CE-BC5F-1B2DC6093FC5}.Release|x86.ActiveCfg = Release|Any CPU
		{5076FAC9-9A79-42CE-BC5F-1B2DC6093FC5}.Release|x86.Build.0 = Release|Any CPU
		{8B088C76-081C-4FA9-A7BE-AFC1F9C875DE}.Debug|Any CPU.ActiveCfg = Debug|Any CPU
		{8B088C76-081C-4FA9-A7BE-AFC1F9C875DE}.Debug|Any CPU.Build.0 = Debug|Any CPU
		{8B088C76-081C-4FA9-A7BE-AFC1F9C875DE}.Debug|x64.ActiveCfg = Debug|Any CPU
		{8B088C76-081C-4FA9-A7BE-AFC1F9C875DE}.Debug|x64.Build.0 = Debug|Any CPU
		{8B088C76-081C-4FA9-A7BE-AFC1F9C875DE}.Debug|x86.ActiveCfg = Debug|Any CPU
		{8B088C76-081C-4FA9-A7BE-AFC1F9C875DE}.Debug|x86.Build.0 = Debug|Any CPU
		{8B088C76-081C-4FA9-A7BE-AFC1F9C875DE}.Release|Any CPU.ActiveCfg = Release|Any CPU
		{8B088C76-081C-4FA9-A7BE-AFC1F9C875DE}.Release|Any CPU.Build.0 = Release|Any CPU
		{8B088C76-081C-4FA9-A7BE-AFC1F9C875DE}.Release|x64.ActiveCfg = Release|Any CPU
		{8B088C76-081C-4FA9-A7BE-AFC1F9C875DE}.Release|x64.Build.0 = Release|Any CPU
		{8B088C76-081C-4FA9-A7BE-AFC1F9C875DE}.Release|x86.ActiveCfg = Release|Any CPU
		{8B088C76-081C-4FA9-A7BE-AFC1F9C875DE}.Release|x86.Build.0 = Release|Any CPU
		{0B2D76A8-DE72-428D-96CF-44B2CCBC6FC4}.Debug|Any CPU.ActiveCfg = Debug|Any CPU
		{0B2D76A8-DE72-428D-96CF-44B2CCBC6FC4}.Debug|Any CPU.Build.0 = Debug|Any CPU
		{0B2D76A8-DE72-428D-96CF-44B2CCBC6FC4}.Debug|x64.ActiveCfg = Debug|Any CPU
		{0B2D76A8-DE72-428D-96CF-44B2CCBC6FC4}.Debug|x64.Build.0 = Debug|Any CPU
		{0B2D76A8-DE72-428D-96CF-44B2CCBC6FC4}.Debug|x86.ActiveCfg = Debug|Any CPU
		{0B2D76A8-DE72-428D-96CF-44B2CCBC6FC4}.Debug|x86.Build.0 = Debug|Any CPU
		{0B2D76A8-DE72-428D-96CF-44B2CCBC6FC4}.Release|Any CPU.ActiveCfg = Release|Any CPU
		{0B2D76A8-DE72-428D-96CF-44B2CCBC6FC4}.Release|Any CPU.Build.0 = Release|Any CPU
		{0B2D76A8-DE72-428D-96CF-44B2CCBC6FC4}.Release|x64.ActiveCfg = Release|Any CPU
		{0B2D76A8-DE72-428D-96CF-44B2CCBC6FC4}.Release|x64.Build.0 = Release|Any CPU
		{0B2D76A8-DE72-428D-96CF-44B2CCBC6FC4}.Release|x86.ActiveCfg = Release|Any CPU
		{0B2D76A8-DE72-428D-96CF-44B2CCBC6FC4}.Release|x86.Build.0 = Release|Any CPU
		{05FBE050-A62B-4E4A-9607-597DE9B581CF}.Debug|Any CPU.ActiveCfg = Debug|Any CPU
		{05FBE050-A62B-4E4A-9607-597DE9B581CF}.Debug|Any CPU.Build.0 = Debug|Any CPU
		{05FBE050-A62B-4E4A-9607-597DE9B581CF}.Debug|x64.ActiveCfg = Debug|Any CPU
		{05FBE050-A62B-4E4A-9607-597DE9B581CF}.Debug|x64.Build.0 = Debug|Any CPU
		{05FBE050-A62B-4E4A-9607-597DE9B581CF}.Debug|x86.ActiveCfg = Debug|Any CPU
		{05FBE050-A62B-4E4A-9607-597DE9B581CF}.Debug|x86.Build.0 = Debug|Any CPU
		{05FBE050-A62B-4E4A-9607-597DE9B581CF}.Release|Any CPU.ActiveCfg = Release|Any CPU
		{05FBE050-A62B-4E4A-9607-597DE9B581CF}.Release|Any CPU.Build.0 = Release|Any CPU
		{05FBE050-A62B-4E4A-9607-597DE9B581CF}.Release|x64.ActiveCfg = Release|Any CPU
		{05FBE050-A62B-4E4A-9607-597DE9B581CF}.Release|x64.Build.0 = Release|Any CPU
		{05FBE050-A62B-4E4A-9607-597DE9B581CF}.Release|x86.ActiveCfg = Release|Any CPU
		{05FBE050-A62B-4E4A-9607-597DE9B581CF}.Release|x86.Build.0 = Release|Any CPU
		{60B4677E-6D21-4AB2-8042-53CB6D27EEDD}.Debug|Any CPU.ActiveCfg = Debug|Any CPU
		{60B4677E-6D21-4AB2-8042-53CB6D27EEDD}.Debug|Any CPU.Build.0 = Debug|Any CPU
		{60B4677E-6D21-4AB2-8042-53CB6D27EEDD}.Debug|x64.ActiveCfg = Debug|Any CPU
		{60B4677E-6D21-4AB2-8042-53CB6D27EEDD}.Debug|x64.Build.0 = Debug|Any CPU
		{60B4677E-6D21-4AB2-8042-53CB6D27EEDD}.Debug|x86.ActiveCfg = Debug|Any CPU
		{60B4677E-6D21-4AB2-8042-53CB6D27EEDD}.Debug|x86.Build.0 = Debug|Any CPU
		{60B4677E-6D21-4AB2-8042-53CB6D27EEDD}.Release|Any CPU.ActiveCfg = Release|Any CPU
		{60B4677E-6D21-4AB2-8042-53CB6D27EEDD}.Release|Any CPU.Build.0 = Release|Any CPU
		{60B4677E-6D21-4AB2-8042-53CB6D27EEDD}.Release|x64.ActiveCfg = Release|Any CPU
		{60B4677E-6D21-4AB2-8042-53CB6D27EEDD}.Release|x64.Build.0 = Release|Any CPU
		{60B4677E-6D21-4AB2-8042-53CB6D27EEDD}.Release|x86.ActiveCfg = Release|Any CPU
		{60B4677E-6D21-4AB2-8042-53CB6D27EEDD}.Release|x86.Build.0 = Release|Any CPU
		{526814D4-7746-4389-860B-C3371FD2124B}.Debug|Any CPU.ActiveCfg = Debug|Any CPU
		{526814D4-7746-4389-860B-C3371FD2124B}.Debug|Any CPU.Build.0 = Debug|Any CPU
		{526814D4-7746-4389-860B-C3371FD2124B}.Debug|x64.ActiveCfg = Debug|Any CPU
		{526814D4-7746-4389-860B-C3371FD2124B}.Debug|x64.Build.0 = Debug|Any CPU
		{526814D4-7746-4389-860B-C3371FD2124B}.Debug|x86.ActiveCfg = Debug|Any CPU
		{526814D4-7746-4389-860B-C3371FD2124B}.Debug|x86.Build.0 = Debug|Any CPU
		{526814D4-7746-4389-860B-C3371FD2124B}.Release|Any CPU.ActiveCfg = Release|Any CPU
		{526814D4-7746-4389-860B-C3371FD2124B}.Release|Any CPU.Build.0 = Release|Any CPU
		{526814D4-7746-4389-860B-C3371FD2124B}.Release|x64.ActiveCfg = Release|Any CPU
		{526814D4-7746-4389-860B-C3371FD2124B}.Release|x64.Build.0 = Release|Any CPU
		{526814D4-7746-4389-860B-C3371FD2124B}.Release|x86.ActiveCfg = Release|Any CPU
		{526814D4-7746-4389-860B-C3371FD2124B}.Release|x86.Build.0 = Release|Any CPU
		{C1E1FF2B-AA81-4CCA-8C75-AA34966F0673}.Debug|Any CPU.ActiveCfg = Debug|Any CPU
		{C1E1FF2B-AA81-4CCA-8C75-AA34966F0673}.Debug|Any CPU.Build.0 = Debug|Any CPU
		{C1E1FF2B-AA81-4CCA-8C75-AA34966F0673}.Debug|x64.ActiveCfg = Debug|Any CPU
		{C1E1FF2B-AA81-4CCA-8C75-AA34966F0673}.Debug|x64.Build.0 = Debug|Any CPU
		{C1E1FF2B-AA81-4CCA-8C75-AA34966F0673}.Debug|x86.ActiveCfg = Debug|Any CPU
		{C1E1FF2B-AA81-4CCA-8C75-AA34966F0673}.Debug|x86.Build.0 = Debug|Any CPU
		{C1E1FF2B-AA81-4CCA-8C75-AA34966F0673}.Release|Any CPU.ActiveCfg = Release|Any CPU
		{C1E1FF2B-AA81-4CCA-8C75-AA34966F0673}.Release|Any CPU.Build.0 = Release|Any CPU
		{C1E1FF2B-AA81-4CCA-8C75-AA34966F0673}.Release|x64.ActiveCfg = Release|Any CPU
		{C1E1FF2B-AA81-4CCA-8C75-AA34966F0673}.Release|x64.Build.0 = Release|Any CPU
		{C1E1FF2B-AA81-4CCA-8C75-AA34966F0673}.Release|x86.ActiveCfg = Release|Any CPU
		{C1E1FF2B-AA81-4CCA-8C75-AA34966F0673}.Release|x86.Build.0 = Release|Any CPU
		{B3DA22C9-4FC0-479F-B986-8CE4D3856EC2}.Debug|Any CPU.ActiveCfg = Debug|Any CPU
		{B3DA22C9-4FC0-479F-B986-8CE4D3856EC2}.Debug|Any CPU.Build.0 = Debug|Any CPU
		{B3DA22C9-4FC0-479F-B986-8CE4D3856EC2}.Debug|x64.ActiveCfg = Debug|Any CPU
		{B3DA22C9-4FC0-479F-B986-8CE4D3856EC2}.Debug|x64.Build.0 = Debug|Any CPU
		{B3DA22C9-4FC0-479F-B986-8CE4D3856EC2}.Debug|x86.ActiveCfg = Debug|Any CPU
		{B3DA22C9-4FC0-479F-B986-8CE4D3856EC2}.Debug|x86.Build.0 = Debug|Any CPU
		{B3DA22C9-4FC0-479F-B986-8CE4D3856EC2}.Release|Any CPU.ActiveCfg = Release|Any CPU
		{B3DA22C9-4FC0-479F-B986-8CE4D3856EC2}.Release|Any CPU.Build.0 = Release|Any CPU
		{B3DA22C9-4FC0-479F-B986-8CE4D3856EC2}.Release|x64.ActiveCfg = Release|Any CPU
		{B3DA22C9-4FC0-479F-B986-8CE4D3856EC2}.Release|x64.Build.0 = Release|Any CPU
		{B3DA22C9-4FC0-479F-B986-8CE4D3856EC2}.Release|x86.ActiveCfg = Release|Any CPU
		{B3DA22C9-4FC0-479F-B986-8CE4D3856EC2}.Release|x86.Build.0 = Release|Any CPU
		{34C6CC3A-E481-4077-843B-43859D5314A1}.Debug|Any CPU.ActiveCfg = Debug|Any CPU
		{34C6CC3A-E481-4077-843B-43859D5314A1}.Debug|Any CPU.Build.0 = Debug|Any CPU
		{34C6CC3A-E481-4077-843B-43859D5314A1}.Debug|x64.ActiveCfg = Debug|Any CPU
		{34C6CC3A-E481-4077-843B-43859D5314A1}.Debug|x64.Build.0 = Debug|Any CPU
		{34C6CC3A-E481-4077-843B-43859D5314A1}.Debug|x86.ActiveCfg = Debug|Any CPU
		{34C6CC3A-E481-4077-843B-43859D5314A1}.Debug|x86.Build.0 = Debug|Any CPU
		{34C6CC3A-E481-4077-843B-43859D5314A1}.Release|Any CPU.ActiveCfg = Release|Any CPU
		{34C6CC3A-E481-4077-843B-43859D5314A1}.Release|Any CPU.Build.0 = Release|Any CPU
		{34C6CC3A-E481-4077-843B-43859D5314A1}.Release|x64.ActiveCfg = Release|Any CPU
		{34C6CC3A-E481-4077-843B-43859D5314A1}.Release|x64.Build.0 = Release|Any CPU
		{34C6CC3A-E481-4077-843B-43859D5314A1}.Release|x86.ActiveCfg = Release|Any CPU
		{34C6CC3A-E481-4077-843B-43859D5314A1}.Release|x86.Build.0 = Release|Any CPU
		{468CE6C8-71E6-459E-A207-3D92C412685A}.Debug|Any CPU.ActiveCfg = Debug|Any CPU
		{468CE6C8-71E6-459E-A207-3D92C412685A}.Debug|Any CPU.Build.0 = Debug|Any CPU
		{468CE6C8-71E6-459E-A207-3D92C412685A}.Debug|x64.ActiveCfg = Debug|Any CPU
		{468CE6C8-71E6-459E-A207-3D92C412685A}.Debug|x64.Build.0 = Debug|Any CPU
		{468CE6C8-71E6-459E-A207-3D92C412685A}.Debug|x86.ActiveCfg = Debug|Any CPU
		{468CE6C8-71E6-459E-A207-3D92C412685A}.Debug|x86.Build.0 = Debug|Any CPU
		{468CE6C8-71E6-459E-A207-3D92C412685A}.Release|Any CPU.ActiveCfg = Release|Any CPU
		{468CE6C8-71E6-459E-A207-3D92C412685A}.Release|Any CPU.Build.0 = Release|Any CPU
		{468CE6C8-71E6-459E-A207-3D92C412685A}.Release|x64.ActiveCfg = Release|Any CPU
		{468CE6C8-71E6-459E-A207-3D92C412685A}.Release|x64.Build.0 = Release|Any CPU
		{468CE6C8-71E6-459E-A207-3D92C412685A}.Release|x86.ActiveCfg = Release|Any CPU
		{468CE6C8-71E6-459E-A207-3D92C412685A}.Release|x86.Build.0 = Release|Any CPU
		{36D6548B-2E3A-4F54-829E-3914E4E592BC}.Debug|Any CPU.ActiveCfg = Debug|Any CPU
		{36D6548B-2E3A-4F54-829E-3914E4E592BC}.Debug|Any CPU.Build.0 = Debug|Any CPU
		{36D6548B-2E3A-4F54-829E-3914E4E592BC}.Debug|x64.ActiveCfg = Debug|Any CPU
		{36D6548B-2E3A-4F54-829E-3914E4E592BC}.Debug|x64.Build.0 = Debug|Any CPU
		{36D6548B-2E3A-4F54-829E-3914E4E592BC}.Debug|x86.ActiveCfg = Debug|Any CPU
		{36D6548B-2E3A-4F54-829E-3914E4E592BC}.Debug|x86.Build.0 = Debug|Any CPU
		{36D6548B-2E3A-4F54-829E-3914E4E592BC}.Release|Any CPU.ActiveCfg = Release|Any CPU
		{36D6548B-2E3A-4F54-829E-3914E4E592BC}.Release|Any CPU.Build.0 = Release|Any CPU
		{36D6548B-2E3A-4F54-829E-3914E4E592BC}.Release|x64.ActiveCfg = Release|Any CPU
		{36D6548B-2E3A-4F54-829E-3914E4E592BC}.Release|x64.Build.0 = Release|Any CPU
		{36D6548B-2E3A-4F54-829E-3914E4E592BC}.Release|x86.ActiveCfg = Release|Any CPU
		{36D6548B-2E3A-4F54-829E-3914E4E592BC}.Release|x86.Build.0 = Release|Any CPU
		{929BD1DD-53DC-4414-ACF1-61A777708B69}.Debug|Any CPU.ActiveCfg = Debug|Any CPU
		{929BD1DD-53DC-4414-ACF1-61A777708B69}.Debug|Any CPU.Build.0 = Debug|Any CPU
		{929BD1DD-53DC-4414-ACF1-61A777708B69}.Debug|x64.ActiveCfg = Debug|Any CPU
		{929BD1DD-53DC-4414-ACF1-61A777708B69}.Debug|x64.Build.0 = Debug|Any CPU
		{929BD1DD-53DC-4414-ACF1-61A777708B69}.Debug|x86.ActiveCfg = Debug|Any CPU
		{929BD1DD-53DC-4414-ACF1-61A777708B69}.Debug|x86.Build.0 = Debug|Any CPU
		{929BD1DD-53DC-4414-ACF1-61A777708B69}.Release|Any CPU.ActiveCfg = Release|Any CPU
		{929BD1DD-53DC-4414-ACF1-61A777708B69}.Release|Any CPU.Build.0 = Release|Any CPU
		{929BD1DD-53DC-4414-ACF1-61A777708B69}.Release|x64.ActiveCfg = Release|Any CPU
		{929BD1DD-53DC-4414-ACF1-61A777708B69}.Release|x64.Build.0 = Release|Any CPU
		{929BD1DD-53DC-4414-ACF1-61A777708B69}.Release|x86.ActiveCfg = Release|Any CPU
		{929BD1DD-53DC-4414-ACF1-61A777708B69}.Release|x86.Build.0 = Release|Any CPU
	EndGlobalSection
	GlobalSection(SolutionProperties) = preSolution
		HideSolutionNode = FALSE
	EndGlobalSection
	GlobalSection(NestedProjects) = preSolution
		{B78A39BB-EFA7-05CB-3820-193A492A810C} = {4F52FD11-658E-A102-6CD3-7D7C16FFA15B}
		{9E67EAE2-1AED-4AC7-954C-E1EFC7A22D6C} = {B78A39BB-EFA7-05CB-3820-193A492A810C}
		{2D035A4D-AF61-D649-F5F7-A54561A3CFF4} = {4F52FD11-658E-A102-6CD3-7D7C16FFA15B}
		{3458882B-A02C-4302-B491-5FB3FB7FF9DA} = {2D035A4D-AF61-D649-F5F7-A54561A3CFF4}
		{80116189-D5F9-D6EC-C98D-5F7DB2F1B3A1} = {4F52FD11-658E-A102-6CD3-7D7C16FFA15B}
		{FF6F3A50-8BE8-4F59-B7F6-99D0014DF99A} = {80116189-D5F9-D6EC-C98D-5F7DB2F1B3A1}
		{85E3A286-880E-ADB0-5CF2-3F1BDB3A4229} = {4F52FD11-658E-A102-6CD3-7D7C16FFA15B}
		{15F8D5F7-B13F-4EE7-88F9-52D02967D727} = {85E3A286-880E-ADB0-5CF2-3F1BDB3A4229}
		{28A15759-10C5-5B33-8798-12DCFB84340D} = {4F52FD11-658E-A102-6CD3-7D7C16FFA15B}
		{01EA7784-150D-4112-BA3D-BDE4FEB173BB} = {28A15759-10C5-5B33-8798-12DCFB84340D}
		{92D5732C-EFEA-5B07-76A6-6E27818F8CBC} = {E7BDDBC6-9FD1-D1D7-ACD8-2C4F8E3D2461}
		{30899F4A-1AE7-4872-B453-8B7BDB5A2995} = {92D5732C-EFEA-5B07-76A6-6E27818F8CBC}
		{7A19ACA1-0518-E3DC-F91B-E8A16E5F4817} = {183AEB3A-A086-1D8D-C95E-6378F77647C3}
		{EB8CBC12-58DF-45B7-97E0-EA0EFB60D3F3} = {7A19ACA1-0518-E3DC-F91B-E8A16E5F4817}
		{2E5B9149-7ADC-C049-2DA5-2CF2BEAFB2DE} = {183AEB3A-A086-1D8D-C95E-6378F77647C3}
		{EEEE968F-C823-42F2-8080-52B6C3965782} = {2E5B9149-7ADC-C049-2DA5-2CF2BEAFB2DE}
		{443C1E6B-8E48-607E-8AE2-BB46DB6AC000} = {183AEB3A-A086-1D8D-C95E-6378F77647C3}
		{14960BC6-2FE6-4E6A-BC68-686B5B741C79} = {443C1E6B-8E48-607E-8AE2-BB46DB6AC000}
		{9C61D8A5-B623-5067-2AAC-142EBDC6DD73} = {183AEB3A-A086-1D8D-C95E-6378F77647C3}
		{C2886AC5-A43F-4B80-A9ED-E1D250DE2068} = {9C61D8A5-B623-5067-2AAC-142EBDC6DD73}
		{061D12CC-E430-3DFE-DFAA-44EC5B8BFA10} = {0A94FD27-2B9E-3A90-3691-A1678CBB98FA}
		{BC658F09-067C-4094-9F10-EA705AD018C7} = {061D12CC-E430-3DFE-DFAA-44EC5B8BFA10}
		{5CC462A1-ADD0-2D69-5228-8B56E8E27E5D} = {0A94FD27-2B9E-3A90-3691-A1678CBB98FA}
		{57E9376F-50DC-4984-AD19-FCE70299CCF1} = {5CC462A1-ADD0-2D69-5228-8B56E8E27E5D}
		{F45412E0-1CA7-E9F7-2C48-9B7B079F7E9A} = {0A94FD27-2B9E-3A90-3691-A1678CBB98FA}
		{270BFF94-998A-483E-A8C1-6079768EDF49} = {F45412E0-1CA7-E9F7-2C48-9B7B079F7E9A}
		{69973B44-A0F7-AA77-FAB3-C2B169597811} = {0A94FD27-2B9E-3A90-3691-A1678CBB98FA}
		{B968EB91-8134-4468-BDE7-1F07900D727F} = {69973B44-A0F7-AA77-FAB3-C2B169597811}
		{98C3796A-EBA8-13D0-7FAA-CD389F4D131B} = {B489D86D-A092-F0FF-8364-791CEC263EE7}
		{3B3595E8-E367-404B-9BEF-71725DA79C76} = {98C3796A-EBA8-13D0-7FAA-CD389F4D131B}
		{E03120C8-66D4-6427-CAAF-D33A816090BE} = {B489D86D-A092-F0FF-8364-791CEC263EE7}
		{C04F334F-8141-40EE-BDCD-1C46FFABB562} = {E03120C8-66D4-6427-CAAF-D33A816090BE}
		{C4DF2314-EAB2-E18C-5D38-7E0F3AC5AC41} = {B489D86D-A092-F0FF-8364-791CEC263EE7}
		{B2926675-EA5E-4322-B719-29D010FEE117} = {C4DF2314-EAB2-E18C-5D38-7E0F3AC5AC41}
		{98A938D8-F300-C3F7-3C39-2FDC64367DC9} = {B489D86D-A092-F0FF-8364-791CEC263EE7}
		{5076FAC9-9A79-42CE-BC5F-1B2DC6093FC5} = {98A938D8-F300-C3F7-3C39-2FDC64367DC9}
		{E76D1F88-07B2-0F41-4AA8-B5FB9A2FEBD7} = {AE49D761-A782-2099-29A5-159B937B43CB}
		{8B088C76-081C-4FA9-A7BE-AFC1F9C875DE} = {E76D1F88-07B2-0F41-4AA8-B5FB9A2FEBD7}
		{6990FD72-DFC0-C81F-DF70-93CAC07278BC} = {AE49D761-A782-2099-29A5-159B937B43CB}
		{0B2D76A8-DE72-428D-96CF-44B2CCBC6FC4} = {6990FD72-DFC0-C81F-DF70-93CAC07278BC}
		{671A440B-47E1-2474-AE8F-C8F2E35F3D24} = {AE49D761-A782-2099-29A5-159B937B43CB}
		{05FBE050-A62B-4E4A-9607-597DE9B581CF} = {671A440B-47E1-2474-AE8F-C8F2E35F3D24}
		{FFCB7D59-4804-CDEB-DE65-9FC0BAB11564} = {AE49D761-A782-2099-29A5-159B937B43CB}
		{60B4677E-6D21-4AB2-8042-53CB6D27EEDD} = {FFCB7D59-4804-CDEB-DE65-9FC0BAB11564}
		{6D86B926-C23D-765F-FDD2-9A4B2B7300C3} = {1824264A-8FB2-30EA-D428-4472C07B00EC}
		{526814D4-7746-4389-860B-C3371FD2124B} = {6D86B926-C23D-765F-FDD2-9A4B2B7300C3}
		{9DCD98D8-8C08-0F62-0E66-7F705F7D76EE} = {1824264A-8FB2-30EA-D428-4472C07B00EC}
		{C1E1FF2B-AA81-4CCA-8C75-AA34966F0673} = {9DCD98D8-8C08-0F62-0E66-7F705F7D76EE}
		{05669961-A6B2-3B45-E8E9-A363C86FE1FC} = {1824264A-8FB2-30EA-D428-4472C07B00EC}
		{B3DA22C9-4FC0-479F-B986-8CE4D3856EC2} = {05669961-A6B2-3B45-E8E9-A363C86FE1FC}
		{85D176A5-D5B4-BE3B-5451-DB8BF31244F8} = {1824264A-8FB2-30EA-D428-4472C07B00EC}
		{34C6CC3A-E481-4077-843B-43859D5314A1} = {85D176A5-D5B4-BE3B-5451-DB8BF31244F8}
		{28A6993C-471E-82FE-7D9E-AD3B1EC22BD9} = {0AB3BF05-4346-4AA6-1389-037BE0695223}
		{468CE6C8-71E6-459E-A207-3D92C412685A} = {28A6993C-471E-82FE-7D9E-AD3B1EC22BD9}
		{EDF2BF46-81E2-A5E6-BE76-B883454BFB8E} = {0AB3BF05-4346-4AA6-1389-037BE0695223}
		{36D6548B-2E3A-4F54-829E-3914E4E592BC} = {EDF2BF46-81E2-A5E6-BE76-B883454BFB8E}
		{DCB6FCB8-FF92-AC57-0842-1F72A354D6B1} = {827E0CD3-B72D-47B6-A68D-7590B98EB39B}
		{929BD1DD-53DC-4414-ACF1-61A777708B69} = {DCB6FCB8-FF92-AC57-0842-1F72A354D6B1}
	EndGlobalSection
EndGlobal
